{
  "nodes": {
    "flakeNimbleLib": {
      "inputs": {
        "nixpkgs": [
          "nixpkgs"
        ]
      },
      "locked": {
        "lastModified": 1662018438,
        "narHash": "sha256-QtNtU6+LX3Wokxf0zlFwKTFOcn6TeDjKQZ+DA9OYtvM=",
        "owner": "riinr",
        "repo": "nim-flakes-lib",
        "rev": "b1fe8340736e3a85d25c709ac3dfd82a55c03cbf",
        "type": "github"
      },
      "original": {
        "owner": "riinr",
        "ref": "master",
        "repo": "nim-flakes-lib",
        "type": "github"
      }
    },
    "nixpkgs": {
      "locked": {
        "lastModified": 1667110639,
        "narHash": "sha256-4FbPESZ5LbqQxkJJJBAfk/zKgF9h/4kyUwjjpJwYlbc=",
        "owner": "NixOS",
        "repo": "nixpkgs",
        "rev": "f38a1f04d1bec1feb61fd101a0539ae2002a7087",
        "type": "github"
      },
      "original": {
        "id": "nixpkgs",
        "type": "indirect"
      }
    },
    "root": {
      "inputs": {
        "flakeNimbleLib": "flakeNimbleLib",
        "nixpkgs": "nixpkgs",
        "tmpnim-main": "tmpnim-main"
      }
    },
    "src-tmpnim-main": {
      "flake": false,
      "locked": {
        "lastModified": 1652081815,
        "narHash": "sha256-Xdw5eziWyxZYVB0/+HTbT11WmW1Paqtrowbc4bc0AFo=",
        "owner": "ment1na",
        "repo": "tmpnim",
        "rev": "1e7b20e97a124f3dd85885ab2a906928990964f8",
        "type": "github"
      },
      "original": {
        "owner": "ment1na",
        "ref": "refs/heads/main",
        "repo": "tmpnim",
        "type": "github"
      }
    },
    "tmpnim-main": {
      "inputs": {
        "flakeNimbleLib": [
          "flakeNimbleLib"
        ],
        "nixpkgs": [
          "nixpkgs"
        ],
        "src-tmpnim-main": "src-tmpnim-main"
      },
      "locked": {
        "dir": "main",
        "lastModified": 1662254894,
        "narHash": "sha256-x1Y7jFbhRFP2XWSqRPu/F2OnZin1VuHEKcz+YQ1VUvI=",
        "owner": "nim-nix-pkgs",
        "repo": "tmpnim",
        "rev": "cfd9c2cc1be0c7a0e14c911398eb1060274b84cd",
        "type": "github"
      },
      "original": {
        "dir": "main",
        "owner": "nim-nix-pkgs",
        "ref": "master",
        "repo": "tmpnim",
        "type": "github"
      }
    }
  },
  "root": "root",
  "version": 7
}
